
Microsoft Visual Studio Solution File, Format Version 12.00
# Visual Studio Version 16
VisualStudioVersion = 16.0.31112.23
MinimumVisualStudioVersion = 10.0.40219.1
Project("{FAE04EC0-301F-11D3-BF4B-00C04F79EFBC}") = "reservation booking system", "reservation booking system\reservation booking system.csproj", "{5D4472CF-7649-46E0-BF36-F868794EDDBE}"
EndProject
Global
	GlobalSection(SolutionConfigurationPlatforms) = preSolution
		Debug|Any CPU = Debug|Any CPU
		Release|Any CPU = Release|Any CPU
	EndGlobalSection
	GlobalSection(ProjectConfigurationPlatforms) = postSolution
		{5D4472CF-7649-46E0-BF36-F868794EDDBE}.Debug|Any CPU.ActiveCfg = Debug|Any CPU
		{5D4472CF-7649-46E0-BF36-F868794EDDBE}.Debug|Any CPU.Build.0 = Debug|Any CPU
		{5D4472CF-7649-46E0-BF36-F868794EDDBE}.Release|Any CPU.ActiveCfg = Release|Any CPU
		{5D4472CF-7649-46E0-BF36-F868794EDDBE}.Release|Any CPU.Build.0 = Release|Any CPU
	EndGlobalSection
	GlobalSection(SolutionProperties) = preSolution
		HideSolutionNode = FALSE
	EndGlobalSection
	GlobalSection(ExtensibilityGlobals) = postSolution
		SolutionGuid = {06D68127-39AC-4441-A2F6-3DF58CA0DCE1}
	EndGlobalSection
EndGlobal
